
Microsoft Visual Studio Solution File, Format Version 12.00
# Visual Studio 2013
VisualStudioVersion = 12.0.30501.0
MinimumVisualStudioVersion = 10.0.40219.1
Project("{FAE04EC0-301F-11D3-BF4B-00C04F79EFBC}") = "Library.PsgCore", "Library.PsgCore\Library.PsgCore.csproj", "{544B2574-D4C6-4B6A-B464-4BB4BC767225}"
EndProject
Project("{2150E333-8FDC-42A3-9474-1A3956D46DE8}") = "1.Libraries", "1.Libraries", "{76055E08-DA72-4042-A642-BE5CB6F65EE1}"
EndProject
Project("{FAE04EC0-301F-11D3-BF4B-00C04F79EFBC}") = "CodeGen.SessionProxies", "CodeGen.SessionProxies\CodeGen.SessionProxies.csproj", "{93729819-3B2E-4398-B64F-C14C8016C6ED}"
EndProject
Project("{2150E333-8FDC-42A3-9474-1A3956D46DE8}") = "2.CodeGen", "2.CodeGen", "{136D70C3-06DD-4C96-ABD5-07CC92C1C24F}"
EndProject
Project("{2150E333-8FDC-42A3-9474-1A3956D46DE8}") = "0.Notes", "0.Notes", "{BFE9A364-A7AE-4679-A7D1-F13A19957700}"
	ProjectSection(SolutionItems) = preProject
		Getting Started.txt = Getting Started.txt
		Objectives.txt = Objectives.txt
		Publishing.txt = Publishing.txt
	EndProjectSection
EndProject
Project("{FAE04EC0-301F-11D3-BF4B-00C04F79EFBC}") = "Library.AppSessionFramework.Generators", "Library.AppSessionFramework.Generators\Library.AppSessionFramework.Generators.csproj", "{16AE302F-8744-4A35-A7B0-322D96F7434D}"
EndProject
Project("{FAE04EC0-301F-11D3-BF4B-00C04F79EFBC}") = "Library.AppSessionFramework.WPF", "Library.AppSessionFramework.WPF\Library.AppSessionFramework.WPF.csproj", "{AC2589FB-C386-4593-9AB6-FA1BF4928BC2}"
EndProject
Project("{FAE04EC0-301F-11D3-BF4B-00C04F79EFBC}") = "MsBuildTasks.CodeGen", "MsBuildTasks.CodeGen\MsBuildTasks.CodeGen.csproj", "{627038ED-1790-4F80-B12A-450D6AB4DA95}"
EndProject
Project("{2150E333-8FDC-42A3-9474-1A3956D46DE8}") = ".nuget", ".nuget", "{CBF3037D-709A-491A-B127-B410E81FEE34}"
EndProject
Project("{FAE04EC0-301F-11D3-BF4B-00C04F79EFBC}") = "Library.AppSessionFramework.ComponentModel", "Library.AppSessionFramework.ComponentModel\Library.AppSessionFramework.ComponentModel.csproj", "{BB169C02-B709-4F92-80C9-DD7282D43EF0}"
EndProject
Project("{FAE04EC0-301F-11D3-BF4B-00C04F79EFBC}") = "Library.AppSessionFramework", "Library.AppSessionFramework\Library.AppSessionFramework.csproj", "{E582B853-0D75-43CA-BD6F-F49C3619C4FA}"
EndProject
Project("{2150E333-8FDC-42A3-9474-1A3956D46DE8}") = "3.Sample", "3.Sample", "{1235A806-242C-43BA-A04F-9DF2DA62F3FD}"
EndProject
Project("{FAE04EC0-301F-11D3-BF4B-00C04F79EFBC}") = "Sample.Sessions", "Sample.Sessions\Sample.Sessions.csproj", "{292BB0CC-F343-43BA-97A9-A7A265184C49}"
EndProject
Project("{FAE04EC0-301F-11D3-BF4B-00C04F79EFBC}") = "Sample.Sessions.Proxies", "Sample.Sessions.Proxies\Sample.Sessions.Proxies.csproj", "{39294E14-56D9-4BE1-91E9-9C4486FFB87D}"
EndProject
Project("{FAE04EC0-301F-11D3-BF4B-00C04F79EFBC}") = "Sample.Wpf", "Sample.Wpf\Sample.Wpf.csproj", "{55557943-29CF-469B-9574-198B9AE9FCB2}"
EndProject
Global
	GlobalSection(SolutionConfigurationPlatforms) = preSolution
		Debug|Any CPU = Debug|Any CPU
		Release|Any CPU = Release|Any CPU
	EndGlobalSection
	GlobalSection(ProjectConfigurationPlatforms) = postSolution
		{544B2574-D4C6-4B6A-B464-4BB4BC767225}.Debug|Any CPU.ActiveCfg = Debug|Any CPU
		{544B2574-D4C6-4B6A-B464-4BB4BC767225}.Debug|Any CPU.Build.0 = Debug|Any CPU
		{544B2574-D4C6-4B6A-B464-4BB4BC767225}.Release|Any CPU.ActiveCfg = Release|Any CPU
		{544B2574-D4C6-4B6A-B464-4BB4BC767225}.Release|Any CPU.Build.0 = Release|Any CPU
		{93729819-3B2E-4398-B64F-C14C8016C6ED}.Debug|Any CPU.ActiveCfg = Debug|Any CPU
		{93729819-3B2E-4398-B64F-C14C8016C6ED}.Debug|Any CPU.Build.0 = Debug|Any CPU
		{93729819-3B2E-4398-B64F-C14C8016C6ED}.Release|Any CPU.ActiveCfg = Release|Any CPU
		{93729819-3B2E-4398-B64F-C14C8016C6ED}.Release|Any CPU.Build.0 = Release|Any CPU
		{16AE302F-8744-4A35-A7B0-322D96F7434D}.Debug|Any CPU.ActiveCfg = Debug|Any CPU
		{16AE302F-8744-4A35-A7B0-322D96F7434D}.Debug|Any CPU.Build.0 = Debug|Any CPU
		{16AE302F-8744-4A35-A7B0-322D96F7434D}.Release|Any CPU.ActiveCfg = Release|Any CPU
		{16AE302F-8744-4A35-A7B0-322D96F7434D}.Release|Any CPU.Build.0 = Release|Any CPU
		{AC2589FB-C386-4593-9AB6-FA1BF4928BC2}.Debug|Any CPU.ActiveCfg = Debug|Any CPU
		{AC2589FB-C386-4593-9AB6-FA1BF4928BC2}.Debug|Any CPU.Build.0 = Debug|Any CPU
		{AC2589FB-C386-4593-9AB6-FA1BF4928BC2}.Release|Any CPU.ActiveCfg = Release|Any CPU
		{AC2589FB-C386-4593-9AB6-FA1BF4928BC2}.Release|Any CPU.Build.0 = Release|Any CPU
		{627038ED-1790-4F80-B12A-450D6AB4DA95}.Debug|Any CPU.ActiveCfg = Debug|Any CPU
		{627038ED-1790-4F80-B12A-450D6AB4DA95}.Debug|Any CPU.Build.0 = Debug|Any CPU
		{627038ED-1790-4F80-B12A-450D6AB4DA95}.Release|Any CPU.ActiveCfg = Release|Any CPU
		{627038ED-1790-4F80-B12A-450D6AB4DA95}.Release|Any CPU.Build.0 = Release|Any CPU
		{BB169C02-B709-4F92-80C9-DD7282D43EF0}.Debug|Any CPU.ActiveCfg = Debug|Any CPU
		{BB169C02-B709-4F92-80C9-DD7282D43EF0}.Debug|Any CPU.Build.0 = Debug|Any CPU
		{BB169C02-B709-4F92-80C9-DD7282D43EF0}.Release|Any CPU.ActiveCfg = Release|Any CPU
		{BB169C02-B709-4F92-80C9-DD7282D43EF0}.Release|Any CPU.Build.0 = Release|Any CPU
		{E582B853-0D75-43CA-BD6F-F49C3619C4FA}.Debug|Any CPU.ActiveCfg = Debug|Any CPU
		{E582B853-0D75-43CA-BD6F-F49C3619C4FA}.Debug|Any CPU.Build.0 = Debug|Any CPU
		{E582B853-0D75-43CA-BD6F-F49C3619C4FA}.Release|Any CPU.ActiveCfg = Release|Any CPU
		{E582B853-0D75-43CA-BD6F-F49C3619C4FA}.Release|Any CPU.Build.0 = Release|Any CPU
		{292BB0CC-F343-43BA-97A9-A7A265184C49}.Debug|Any CPU.ActiveCfg = Debug|Any CPU
		{292BB0CC-F343-43BA-97A9-A7A265184C49}.Debug|Any CPU.Build.0 = Debug|Any CPU
		{292BB0CC-F343-43BA-97A9-A7A265184C49}.Release|Any CPU.ActiveCfg = Release|Any CPU
		{292BB0CC-F343-43BA-97A9-A7A265184C49}.Release|Any CPU.Build.0 = Release|Any CPU
		{39294E14-56D9-4BE1-91E9-9C4486FFB87D}.Debug|Any CPU.ActiveCfg = Debug|Any CPU
		{39294E14-56D9-4BE1-91E9-9C4486FFB87D}.Debug|Any CPU.Build.0 = Debug|Any CPU
		{39294E14-56D9-4BE1-91E9-9C4486FFB87D}.Release|Any CPU.ActiveCfg = Release|Any CPU
		{39294E14-56D9-4BE1-91E9-9C4486FFB87D}.Release|Any CPU.Build.0 = Release|Any CPU
		{55557943-29CF-469B-9574-198B9AE9FCB2}.Debug|Any CPU.ActiveCfg = Debug|Any CPU
		{55557943-29CF-469B-9574-198B9AE9FCB2}.Debug|Any CPU.Build.0 = Debug|Any CPU
		{55557943-29CF-469B-9574-198B9AE9FCB2}.Release|Any CPU.ActiveCfg = Release|Any CPU
		{55557943-29CF-469B-9574-198B9AE9FCB2}.Release|Any CPU.Build.0 = Release|Any CPU
	EndGlobalSection
	GlobalSection(SolutionProperties) = preSolution
		HideSolutionNode = FALSE
	EndGlobalSection
	GlobalSection(NestedProjects) = preSolution
		{544B2574-D4C6-4B6A-B464-4BB4BC767225} = {76055E08-DA72-4042-A642-BE5CB6F65EE1}
		{93729819-3B2E-4398-B64F-C14C8016C6ED} = {136D70C3-06DD-4C96-ABD5-07CC92C1C24F}
		{16AE302F-8744-4A35-A7B0-322D96F7434D} = {76055E08-DA72-4042-A642-BE5CB6F65EE1}
		{AC2589FB-C386-4593-9AB6-FA1BF4928BC2} = {76055E08-DA72-4042-A642-BE5CB6F65EE1}
		{627038ED-1790-4F80-B12A-450D6AB4DA95} = {136D70C3-06DD-4C96-ABD5-07CC92C1C24F}
		{BB169C02-B709-4F92-80C9-DD7282D43EF0} = {76055E08-DA72-4042-A642-BE5CB6F65EE1}
		{E582B853-0D75-43CA-BD6F-F49C3619C4FA} = {76055E08-DA72-4042-A642-BE5CB6F65EE1}
		{292BB0CC-F343-43BA-97A9-A7A265184C49} = {1235A806-242C-43BA-A04F-9DF2DA62F3FD}
		{39294E14-56D9-4BE1-91E9-9C4486FFB87D} = {1235A806-242C-43BA-A04F-9DF2DA62F3FD}
		{55557943-29CF-469B-9574-198B9AE9FCB2} = {1235A806-242C-43BA-A04F-9DF2DA62F3FD}
	EndGlobalSection
EndGlobal
